
Microsoft Visual Studio Solution File, Format Version 12.00
# Visual Studio 15
VisualStudioVersion = 15.0.26430.14
MinimumVisualStudioVersion = 10.0.40219.1
Project("{FAE04EC0-301F-11D3-BF4B-00C04F79EFBC}") = "WebApplication1", "WebApplication1\WebApplication1.csproj", "{B1474737-5EF5-48F6-8DC9-4CBED6959D3B}"
EndProject
Project("{FAE04EC0-301F-11D3-BF4B-00C04F79EFBC}") = "Shared", "Shared\Shared.csproj", "{3B0A8B82-AB0F-4DB0-892B-55E94E8AB377}"
EndProject
Project("{FAE04EC0-301F-11D3-BF4B-00C04F79EFBC}") = "Core", "Core\Core.csproj", "{5F8FF64F-9A95-4559-B67E-06170A88FEBB}"
EndProject
Global
	GlobalSection(SolutionConfigurationPlatforms) = preSolution
		Ad-Hoc|Any CPU = Ad-Hoc|Any CPU
		Ad-Hoc|ARM = Ad-Hoc|ARM
		Ad-Hoc|iPhone = Ad-Hoc|iPhone
		Ad-Hoc|iPhoneSimulator = Ad-Hoc|iPhoneSimulator
		Ad-Hoc|x64 = Ad-Hoc|x64
		Ad-Hoc|x86 = Ad-Hoc|x86
		AppStore|Any CPU = AppStore|Any CPU
		AppStore|ARM = AppStore|ARM
		AppStore|iPhone = AppStore|iPhone
		AppStore|iPhoneSimulator = AppStore|iPhoneSimulator
		AppStore|x64 = AppStore|x64
		AppStore|x86 = AppStore|x86
		Debug|Any CPU = Debug|Any CPU
		Debug|ARM = Debug|ARM
		Debug|iPhone = Debug|iPhone
		Debug|iPhoneSimulator = Debug|iPhoneSimulator
		Debug|x64 = Debug|x64
		Debug|x86 = Debug|x86
		Release|Any CPU = Release|Any CPU
		Release|ARM = Release|ARM
		Release|iPhone = Release|iPhone
		Release|iPhoneSimulator = Release|iPhoneSimulator
		Release|x64 = Release|x64
		Release|x86 = Release|x86
	EndGlobalSection
	GlobalSection(ProjectConfigurationPlatforms) = postSolution
		{B1474737-5EF5-48F6-8DC9-4CBED6959D3B}.Ad-Hoc|Any CPU.ActiveCfg = Debug|Any CPU
		{B1474737-5EF5-48F6-8DC9-4CBED6959D3B}.Ad-Hoc|Any CPU.Build.0 = Debug|Any CPU
		{B1474737-5EF5-48F6-8DC9-4CBED6959D3B}.Ad-Hoc|ARM.ActiveCfg = Debug|Any CPU
		{B1474737-5EF5-48F6-8DC9-4CBED6959D3B}.Ad-Hoc|ARM.Build.0 = Debug|Any CPU
		{B1474737-5EF5-48F6-8DC9-4CBED6959D3B}.Ad-Hoc|iPhone.ActiveCfg = Debug|Any CPU
		{B1474737-5EF5-48F6-8DC9-4CBED6959D3B}.Ad-Hoc|iPhone.Build.0 = Debug|Any CPU
		{B1474737-5EF5-48F6-8DC9-4CBED6959D3B}.Ad-Hoc|iPhoneSimulator.ActiveCfg = Debug|Any CPU
		{B1474737-5EF5-48F6-8DC9-4CBED6959D3B}.Ad-Hoc|iPhoneSimulator.Build.0 = Debug|Any CPU
		{B1474737-5EF5-48F6-8DC9-4CBED6959D3B}.Ad-Hoc|x64.ActiveCfg = Debug|Any CPU
		{B1474737-5EF5-48F6-8DC9-4CBED6959D3B}.Ad-Hoc|x64.Build.0 = Debug|Any CPU
		{B1474737-5EF5-48F6-8DC9-4CBED6959D3B}.Ad-Hoc|x86.ActiveCfg = Debug|Any CPU
		{B1474737-5EF5-48F6-8DC9-4CBED6959D3B}.Ad-Hoc|x86.Build.0 = Debug|Any CPU
		{B1474737-5EF5-48F6-8DC9-4CBED6959D3B}.AppStore|Any CPU.ActiveCfg = Debug|Any CPU
		{B1474737-5EF5-48F6-8DC9-4CBED6959D3B}.AppStore|Any CPU.Build.0 = Debug|Any CPU
		{B1474737-5EF5-48F6-8DC9-4CBED6959D3B}.AppStore|ARM.ActiveCfg = Debug|Any CPU
		{B1474737-5EF5-48F6-8DC9-4CBED6959D3B}.AppStore|ARM.Build.0 = Debug|Any CPU
		{B1474737-5EF5-48F6-8DC9-4CBED6959D3B}.AppStore|iPhone.ActiveCfg = Debug|Any CPU
		{B1474737-5EF5-48F6-8DC9-4CBED6959D3B}.AppStore|iPhone.Build.0 = Debug|Any CPU
		{B1474737-5EF5-48F6-8DC9-4CBED6959D3B}.AppStore|iPhoneSimulator.ActiveCfg = Debug|Any CPU
		{B1474737-5EF5-48F6-8DC9-4CBED6959D3B}.AppStore|iPhoneSimulator.Build.0 = Debug|Any CPU
		{B1474737-5EF5-48F6-8DC9-4CBED6959D3B}.AppStore|x64.ActiveCfg = Debug|Any CPU
		{B1474737-5EF5-48F6-8DC9-4CBED6959D3B}.AppStore|x64.Build.0 = Debug|Any CPU
		{B1474737-5EF5-48F6-8DC9-4CBED6959D3B}.AppStore|x86.ActiveCfg = Debug|Any CPU
		{B1474737-5EF5-48F6-8DC9-4CBED6959D3B}.AppStore|x86.Build.0 = Debug|Any CPU
		{B1474737-5EF5-48F6-8DC9-4CBED6959D3B}.Debug|Any CPU.ActiveCfg = Debug|Any CPU
		{B1474737-5EF5-48F6-8DC9-4CBED6959D3B}.Debug|Any CPU.Build.0 = Debug|Any CPU
		{B1474737-5EF5-48F6-8DC9-4CBED6959D3B}.Debug|ARM.ActiveCfg = Debug|Any CPU
		{B1474737-5EF5-48F6-8DC9-4CBED6959D3B}.Debug|ARM.Build.0 = Debug|Any CPU
		{B1474737-5EF5-48F6-8DC9-4CBED6959D3B}.Debug|iPhone.ActiveCfg = Debug|Any CPU
		{B1474737-5EF5-48F6-8DC9-4CBED6959D3B}.Debug|iPhone.Build.0 = Debug|Any CPU
		{B1474737-5EF5-48F6-8DC9-4CBED6959D3B}.Debug|iPhoneSimulator.ActiveCfg = Debug|Any CPU
		{B1474737-5EF5-48F6-8DC9-4CBED6959D3B}.Debug|iPhoneSimulator.Build.0 = Debug|Any CPU
		{B1474737-5EF5-48F6-8DC9-4CBED6959D3B}.Debug|x64.ActiveCfg = Debug|Any CPU
		{B1474737-5EF5-48F6-8DC9-4CBED6959D3B}.Debug|x64.Build.0 = Debug|Any CPU
		{B1474737-5EF5-48F6-8DC9-4CBED6959D3B}.Debug|x86.ActiveCfg = Debug|Any CPU
		{B1474737-5EF5-48F6-8DC9-4CBED6959D3B}.Debug|x86.Build.0 = Debug|Any CPU
		{B1474737-5EF5-48F6-8DC9-4CBED6959D3B}.Release|Any CPU.ActiveCfg = Release|Any CPU
		{B1474737-5EF5-48F6-8DC9-4CBED6959D3B}.Release|Any CPU.Build.0 = Release|Any CPU
		{B1474737-5EF5-48F6-8DC9-4CBED6959D3B}.Release|ARM.ActiveCfg = Release|Any CPU
		{B1474737-5EF5-48F6-8DC9-4CBED6959D3B}.Release|ARM.Build.0 = Release|Any CPU
		{B1474737-5EF5-48F6-8DC9-4CBED6959D3B}.Release|iPhone.ActiveCfg = Release|Any CPU
		{B1474737-5EF5-48F6-8DC9-4CBED6959D3B}.Release|iPhone.Build.0 = Release|Any CPU
		{B1474737-5EF5-48F6-8DC9-4CBED6959D3B}.Release|iPhoneSimulator.ActiveCfg = Release|Any CPU
		{B1474737-5EF5-48F6-8DC9-4CBED6959D3B}.Release|iPhoneSimulator.Build.0 = Release|Any CPU
		{B1474737-5EF5-48F6-8DC9-4CBED6959D3B}.Release|x64.ActiveCfg = Release|Any CPU
		{B1474737-5EF5-48F6-8DC9-4CBED6959D3B}.Release|x64.Build.0 = Release|Any CPU
		{B1474737-5EF5-48F6-8DC9-4CBED6959D3B}.Release|x86.ActiveCfg = Release|Any CPU
		{B1474737-5EF5-48F6-8DC9-4CBED6959D3B}.Release|x86.Build.0 = Release|Any CPU
		{3B0A8B82-AB0F-4DB0-892B-55E94E8AB377}.Ad-Hoc|Any CPU.ActiveCfg = Debug|Any CPU
		{3B0A8B82-AB0F-4DB0-892B-55E94E8AB377}.Ad-Hoc|Any CPU.Build.0 = Debug|Any CPU
		{3B0A8B82-AB0F-4DB0-892B-55E94E8AB377}.Ad-Hoc|ARM.ActiveCfg = Debug|Any CPU
		{3B0A8B82-AB0F-4DB0-892B-55E94E8AB377}.Ad-Hoc|ARM.Build.0 = Debug|Any CPU
		{3B0A8B82-AB0F-4DB0-892B-55E94E8AB377}.Ad-Hoc|iPhone.ActiveCfg = Debug|Any CPU
		{3B0A8B82-AB0F-4DB0-892B-55E94E8AB377}.Ad-Hoc|iPhone.Build.0 = Debug|Any CPU
		{3B0A8B82-AB0F-4DB0-892B-55E94E8AB377}.Ad-Hoc|iPhoneSimulator.ActiveCfg = Debug|Any CPU
		{3B0A8B82-AB0F-4DB0-892B-55E94E8AB377}.Ad-Hoc|iPhoneSimulator.Build.0 = Debug|Any CPU
		{3B0A8B82-AB0F-4DB0-892B-55E94E8AB377}.Ad-Hoc|x64.ActiveCfg = Debug|Any CPU
		{3B0A8B82-AB0F-4DB0-892B-55E94E8AB377}.Ad-Hoc|x64.Build.0 = Debug|Any CPU
		{3B0A8B82-AB0F-4DB0-892B-55E94E8AB377}.Ad-Hoc|x86.ActiveCfg = Debug|Any CPU
		{3B0A8B82-AB0F-4DB0-892B-55E94E8AB377}.Ad-Hoc|x86.Build.0 = Debug|Any CPU
		{3B0A8B82-AB0F-4DB0-892B-55E94E8AB377}.AppStore|Any CPU.ActiveCfg = Debug|Any CPU
		{3B0A8B82-AB0F-4DB0-892B-55E94E8AB377}.AppStore|Any CPU.Build.0 = Debug|Any CPU
		{3B0A8B82-AB0F-4DB0-892B-55E94E8AB377}.AppStore|ARM.ActiveCfg = Debug|Any CPU
		{3B0A8B82-AB0F-4DB0-892B-55E94E8AB377}.AppStore|ARM.Build.0 = Debug|Any CPU
		{3B0A8B82-AB0F-4DB0-892B-55E94E8AB377}.AppStore|iPhone.ActiveCfg = Debug|Any CPU
		{3B0A8B82-AB0F-4DB0-892B-55E94E8AB377}.AppStore|iPhone.Build.0 = Debug|Any CPU
		{3B0A8B82-AB0F-4DB0-892B-55E94E8AB377}.AppStore|iPhoneSimulator.ActiveCfg = Debug|Any CPU
		{3B0A8B82-AB0F-4DB0-892B-55E94E8AB377}.AppStore|iPhoneSimulator.Build.0 = Debug|Any CPU
		{3B0A8B82-AB0F-4DB0-892B-55E94E8AB377}.AppStore|x64.ActiveCfg = Debug|Any CPU
		{3B0A8B82-AB0F-4DB0-892B-55E94E8AB377}.AppStore|x64.Build.0 = Debug|Any CPU
		{3B0A8B82-AB0F-4DB0-892B-55E94E8AB377}.AppStore|x86.ActiveCfg = Debug|Any CPU
		{3B0A8B82-AB0F-4DB0-892B-55E94E8AB377}.AppStore|x86.Build.0 = Debug|Any CPU
		{3B0A8B82-AB0F-4DB0-892B-55E94E8AB377}.Debug|Any CPU.ActiveCfg = Debug|Any CPU
		{3B0A8B82-AB0F-4DB0-892B-55E94E8AB377}.Debug|Any CPU.Build.0 = Debug|Any CPU
		{3B0A8B82-AB0F-4DB0-892B-55E94E8AB377}.Debug|ARM.ActiveCfg = Debug|Any CPU
		{3B0A8B82-AB0F-4DB0-892B-55E94E8AB377}.Debug|ARM.Build.0 = Debug|Any CPU
		{3B0A8B82-AB0F-4DB0-892B-55E94E8AB377}.Debug|iPhone.ActiveCfg = Debug|Any CPU
		{3B0A8B82-AB0F-4DB0-892B-55E94E8AB377}.Debug|iPhone.Build.0 = Debug|Any CPU
		{3B0A8B82-AB0F-4DB0-892B-55E94E8AB377}.Debug|iPhoneSimulator.ActiveCfg = Debug|Any CPU
		{3B0A8B82-AB0F-4DB0-892B-55E94E8AB377}.Debug|iPhoneSimulator.Build.0 = Debug|Any CPU
		{3B0A8B82-AB0F-4DB0-892B-55E94E8AB377}.Debug|x64.ActiveCfg = Debug|Any CPU
		{3B0A8B82-AB0F-4DB0-892B-55E94E8AB377}.Debug|x64.Build.0 = Debug|Any CPU
		{3B0A8B82-AB0F-4DB0-892B-55E94E8AB377}.Debug|x86.ActiveCfg = Debug|Any CPU
		{3B0A8B82-AB0F-4DB0-892B-55E94E8AB377}.Debug|x86.Build.0 = Debug|Any CPU
		{3B0A8B82-AB0F-4DB0-892B-55E94E8AB377}.Release|Any CPU.ActiveCfg = Release|Any CPU
		{3B0A8B82-AB0F-4DB0-892B-55E94E8AB377}.Release|Any CPU.Build.0 = Release|Any CPU
		{3B0A8B82-AB0F-4DB0-892B-55E94E8AB377}.Release|ARM.ActiveCfg = Release|Any CPU
		{3B0A8B82-AB0F-4DB0-892B-55E94E8AB377}.Release|ARM.Build.0 = Release|Any CPU
		{3B0A8B82-AB0F-4DB0-892B-55E94E8AB377}.Release|iPhone.ActiveCfg = Release|Any CPU
		{3B0A8B82-AB0F-4DB0-892B-55E94E8AB377}.Release|iPhone.Build.0 = Release|Any CPU
		{3B0A8B82-AB0F-4DB0-892B-55E94E8AB377}.Release|iPhoneSimulator.ActiveCfg = Release|Any CPU
		{3B0A8B82-AB0F-4DB0-892B-55E94E8AB377}.Release|iPhoneSimulator.Build.0 = Release|Any CPU
		{3B0A8B82-AB0F-4DB0-892B-55E94E8AB377}.Release|x64.ActiveCfg = Release|Any CPU
		{3B0A8B82-AB0F-4DB0-892B-55E94E8AB377}.Release|x64.Build.0 = Release|Any CPU
		{3B0A8B82-AB0F-4DB0-892B-55E94E8AB377}.Release|x86.ActiveCfg = Release|Any CPU
		{3B0A8B82-AB0F-4DB0-892B-55E94E8AB377}.Release|x86.Build.0 = Release|Any CPU
		{5F8FF64F-9A95-4559-B67E-06170A88FEBB}.Ad-Hoc|Any CPU.ActiveCfg = Ad-Hoc|Any CPU
		{5F8FF64F-9A95-4559-B67E-06170A88FEBB}.Ad-Hoc|Any CPU.Build.0 = Ad-Hoc|Any CPU
		{5F8FF64F-9A95-4559-B67E-06170A88FEBB}.Ad-Hoc|ARM.ActiveCfg = Ad-Hoc|ARM
		{5F8FF64F-9A95-4559-B67E-06170A88FEBB}.Ad-Hoc|ARM.Build.0 = Ad-Hoc|ARM
		{5F8FF64F-9A95-4559-B67E-06170A88FEBB}.Ad-Hoc|iPhone.ActiveCfg = Ad-Hoc|iPhone
		{5F8FF64F-9A95-4559-B67E-06170A88FEBB}.Ad-Hoc|iPhone.Build.0 = Ad-Hoc|iPhone
		{5F8FF64F-9A95-4559-B67E-06170A88FEBB}.Ad-Hoc|iPhoneSimulator.ActiveCfg = Ad-Hoc|iPhoneSimulator
		{5F8FF64F-9A95-4559-B67E-06170A88FEBB}.Ad-Hoc|iPhoneSimulator.Build.0 = Ad-Hoc|iPhoneSimulator
		{5F8FF64F-9A95-4559-B67E-06170A88FEBB}.Ad-Hoc|x64.ActiveCfg = Ad-Hoc|x64
		{5F8FF64F-9A95-4559-B67E-06170A88FEBB}.Ad-Hoc|x64.Build.0 = Ad-Hoc|x64
		{5F8FF64F-9A95-4559-B67E-06170A88FEBB}.Ad-Hoc|x86.ActiveCfg = Ad-Hoc|x86
		{5F8FF64F-9A95-4559-B67E-06170A88FEBB}.Ad-Hoc|x86.Build.0 = Ad-Hoc|x86
		{5F8FF64F-9A95-4559-B67E-06170A88FEBB}.AppStore|Any CPU.ActiveCfg = AppStore|Any CPU
		{5F8FF64F-9A95-4559-B67E-06170A88FEBB}.AppStore|Any CPU.Build.0 = AppStore|Any CPU
		{5F8FF64F-9A95-4559-B67E-06170A88FEBB}.AppStore|ARM.ActiveCfg = AppStore|ARM
		{5F8FF64F-9A95-4559-B67E-06170A88FEBB}.AppStore|ARM.Build.0 = AppStore|ARM
		{5F8FF64F-9A95-4559-B67E-06170A88FEBB}.AppStore|iPhone.ActiveCfg = AppStore|iPhone
		{5F8FF64F-9A95-4559-B67E-06170A88FEBB}.AppStore|iPhone.Build.0 = AppStore|iPhone
		{5F8FF64F-9A95-4559-B67E-06170A88FEBB}.AppStore|iPhoneSimulator.ActiveCfg = AppStore|iPhoneSimulator
		{5F8FF64F-9A95-4559-B67E-06170A88FEBB}.AppStore|iPhoneSimulator.Build.0 = AppStore|iPhoneSimulator
		{5F8FF64F-9A95-4559-B67E-06170A88FEBB}.AppStore|x64.ActiveCfg = AppStore|x64
		{5F8FF64F-9A95-4559-B67E-06170A88FEBB}.AppStore|x64.Build.0 = AppStore|x64
		{5F8FF64F-9A95-4559-B67E-06170A88FEBB}.AppStore|x86.ActiveCfg = AppStore|x86
		{5F8FF64F-9A95-4559-B67E-06170A88FEBB}.AppStore|x86.Build.0 = AppStore|x86
		{5F8FF64F-9A95-4559-B67E-06170A88FEBB}.Debug|Any CPU.ActiveCfg = Debug|Any CPU
		{5F8FF64F-9A95-4559-B67E-06170A88FEBB}.Debug|Any CPU.Build.0 = Debug|Any CPU
		{5F8FF64F-9A95-4559-B67E-06170A88FEBB}.Debug|ARM.ActiveCfg = Debug|ARM
		{5F8FF64F-9A95-4559-B67E-06170A88FEBB}.Debug|ARM.Build.0 = Debug|ARM
		{5F8FF64F-9A95-4559-B67E-06170A88FEBB}.Debug|iPhone.ActiveCfg = Debug|iPhone
		{5F8FF64F-9A95-4559-B67E-06170A88FEBB}.Debug|iPhone.Build.0 = Debug|iPhone
		{5F8FF64F-9A95-4559-B67E-06170A88FEBB}.Debug|iPhoneSimulator.ActiveCfg = Debug|iPhoneSimulator
		{5F8FF64F-9A95-4559-B67E-06170A88FEBB}.Debug|iPhoneSimulator.Build.0 = Debug|iPhoneSimulator
		{5F8FF64F-9A95-4559-B67E-06170A88FEBB}.Debug|x64.ActiveCfg = Debug|x64
		{5F8FF64F-9A95-4559-B67E-06170A88FEBB}.Debug|x64.Build.0 = Debug|x64
		{5F8FF64F-9A95-4559-B67E-06170A88FEBB}.Debug|x86.ActiveCfg = Debug|x86
		{5F8FF64F-9A95-4559-B67E-06170A88FEBB}.Debug|x86.Build.0 = Debug|x86
		{5F8FF64F-9A95-4559-B67E-06170A88FEBB}.Release|Any CPU.ActiveCfg = Release|Any CPU
		{5F8FF64F-9A95-4559-B67E-06170A88FEBB}.Release|Any CPU.Build.0 = Release|Any CPU
		{5F8FF64F-9A95-4559-B67E-06170A88FEBB}.Release|ARM.ActiveCfg = Release|ARM
		{5F8FF64F-9A95-4559-B67E-06170A88FEBB}.Release|ARM.Build.0 = Release|ARM
		{5F8FF64F-9A95-4559-B67E-06170A88FEBB}.Release|iPhone.ActiveCfg = Release|iPhone
		{5F8FF64F-9A95-4559-B67E-06170A88FEBB}.Release|iPhone.Build.0 = Release|iPhone
		{5F8FF64F-9A95-4559-B67E-06170A88FEBB}.Release|iPhoneSimulator.ActiveCfg = Release|iPhoneSimulator
		{5F8FF64F-9A95-4559-B67E-06170A88FEBB}.Release|iPhoneSimulator.Build.0 = Release|iPhoneSimulator
		{5F8FF64F-9A95-4559-B67E-06170A88FEBB}.Release|x64.ActiveCfg = Release|x64
		{5F8FF64F-9A95-4559-B67E-06170A88FEBB}.Release|x64.Build.0 = Release|x64
		{5F8FF64F-9A95-4559-B67E-06170A88FEBB}.Release|x86.ActiveCfg = Release|x86
		{5F8FF64F-9A95-4559-B67E-06170A88FEBB}.Release|x86.Build.0 = Release|x86
	EndGlobalSection
	GlobalSection(SolutionProperties) = preSolution
		HideSolutionNode = FALSE
	EndGlobalSection
EndGlobal
